
Microsoft Visual Studio Solution File, Format Version 12.00
# Visual Studio 15
VisualStudioVersion = 15.0.27130.2027
MinimumVisualStudioVersion = 10.0.40219.1
Project("{FAE04EC0-301F-11D3-BF4B-00C04F79EFBC}") = "Estructura con Arreglos", "Estructura con Arreglos\Estructura con Arreglos.csproj", "{E1D82FF7-D632-4EF6-8734-877F978CE418}"
EndProject
Global
	GlobalSection(SolutionConfigurationPlatforms) = preSolution
		Debug|Any CPU = Debug|Any CPU
		Release|Any CPU = Release|Any CPU
	EndGlobalSection
	GlobalSection(ProjectConfigurationPlatforms) = postSolution
		{E1D82FF7-D632-4EF6-8734-877F978CE418}.Debug|Any CPU.ActiveCfg = Debug|Any CPU
		{E1D82FF7-D632-4EF6-8734-877F978CE418}.Debug|Any CPU.Build.0 = Debug|Any CPU
		{E1D82FF7-D632-4EF6-8734-877F978CE418}.Release|Any CPU.ActiveCfg = Release|Any CPU
		{E1D82FF7-D632-4EF6-8734-877F978CE418}.Release|Any CPU.Build.0 = Release|Any CPU
	EndGlobalSection
	GlobalSection(SolutionProperties) = preSolution
		HideSolutionNode = FALSE
	EndGlobalSection
	GlobalSection(ExtensibilityGlobals) = postSolution
		SolutionGuid = {22A15940-5A0F-43CC-891B-CD6E2243C359}
	EndGlobalSection
EndGlobal
